<?xml version="1.0" encoding="UTF-8" standalone="yes" ?>
<CodeBlocks_project_file>
	<FileVersion major="1" minor="6" />
	<Project>
		<Option title="STG" />
		<Option pch_mode="2" />
		<Option compiler="gcc" />
		<Build>
			<Target title="Debug">
				<Option output="bin/Debug/STG" prefix_auto="1" extension_auto="1" />
				<Option object_output="obj/Debug/" />
				<Option type="1" />
				<Option compiler="gcc" />
				<Compiler>
					<Add option="-g" />
				</Compiler>
			</Target>
			<Target title="Release">
				<Option output="bin/Release/STG" prefix_auto="1" extension_auto="1" />
				<Option object_output="obj/Release/" />
				<Option type="1" />
				<Option compiler="gcc" />
				<Compiler>
					<Add option="-O2" />
				</Compiler>
				<Linker>
					<Add option="-s" />
				</Linker>
			</Target>
		</Build>
		<Compiler>
			<Add option="-Wall" />
			<Add option="-fexceptions" />
		</Compiler>
		<Unit filename="Rosalila/Rosalila.cpp" />
		<Unit filename="Rosalila/Rosalila.h" />
		<Unit filename="Rosalila/RosalilaApiIntegrator/Leaderboard.cpp" />
		<Unit filename="Rosalila/RosalilaApiIntegrator/Leaderboard.h" />
		<Unit filename="Rosalila/RosalilaApiIntegrator/LeaderboardEntry.cpp" />
		<Unit filename="Rosalila/RosalilaApiIntegrator/LeaderboardEntry.h" />
		<Unit filename="Rosalila/RosalilaApiIntegrator/RosalilaApiIntegrator.cpp" />
		<Unit filename="Rosalila/RosalilaApiIntegrator/RosalilaApiIntegrator.h" />
		<Unit filename="Rosalila/RosalilaApiIntegrator/Steam/LeaderboardHandler.cpp" />
		<Unit filename="Rosalila/RosalilaApiIntegrator/Steam/LeaderboardHandler.h" />
		<Unit filename="Rosalila/RosalilaApiIntegrator/Steam/SteamIntegration.cpp" />
		<Unit filename="Rosalila/RosalilaApiIntegrator/Steam/SteamIntegration.h" />
		<Unit filename="Rosalila/RosalilaGraphics/Animation.cpp" />
		<Unit filename="Rosalila/RosalilaGraphics/Animation.h" />
		<Unit filename="Rosalila/RosalilaGraphics/Color.cpp" />
		<Unit filename="Rosalila/RosalilaGraphics/Color.h" />
		<Unit filename="Rosalila/RosalilaGraphics/Drawables/DrawableRectangle.cpp" />
		<Unit filename="Rosalila/RosalilaGraphics/Drawables/DrawableRectangle.h" />
		<Unit filename="Rosalila/RosalilaGraphics/Effects/GrayscaleEffect.cpp" />
		<Unit filename="Rosalila/RosalilaGraphics/Effects/GrayscaleEffect.h" />
		<Unit filename="Rosalila/RosalilaGraphics/Effects/ScreenShakeEffect.cpp" />
		<Unit filename="Rosalila/RosalilaGraphics/Effects/ScreenShakeEffect.h" />
		<Unit filename="Rosalila/RosalilaGraphics/Effects/TransparencyEffect.cpp" />
		<Unit filename="Rosalila/RosalilaGraphics/Effects/TransparencyEffect.h" />
		<Unit filename="Rosalila/RosalilaGraphics/FlatShadow.cpp" />
		<Unit filename="Rosalila/RosalilaGraphics/FlatShadow.h" />
		<Unit filename="Rosalila/RosalilaGraphics/Image.cpp" />
		<Unit filename="Rosalila/RosalilaGraphics/Image.h" />
		<Unit filename="Rosalila/RosalilaGraphics/Notifications/Notification.cpp" />
		<Unit filename="Rosalila/RosalilaGraphics/Notifications/Notification.h" />
		<Unit filename="Rosalila/RosalilaGraphics/Notifications/NotificationHandler.cpp" />
		<Unit filename="Rosalila/RosalilaGraphics/Notifications/NotificationHandler.h" />
		<Unit filename="Rosalila/RosalilaGraphics/RosalilaGraphics.cpp" />
		<Unit filename="Rosalila/RosalilaGraphics/RosalilaGraphics.h" />
		<Unit filename="Rosalila/RosalilaGraphics/Timer.cpp" />
		<Unit filename="Rosalila/RosalilaGraphics/Timer.h" />
		<Unit filename="Rosalila/RosalilaInputs/Button.cpp" />
		<Unit filename="Rosalila/RosalilaInputs/Button.h" />
		<Unit filename="Rosalila/RosalilaInputs/RosalilaInputs.cpp" />
		<Unit filename="Rosalila/RosalilaInputs/RosalilaInputs.h" />
		<Unit filename="Rosalila/RosalilaParser/Node.cpp" />
		<Unit filename="Rosalila/RosalilaParser/Node.h" />
		<Unit filename="Rosalila/RosalilaParser/RosalilaParser.cpp" />
		<Unit filename="Rosalila/RosalilaParser/RosalilaParser.h" />
		<Unit filename="Rosalila/RosalilaParser/TinyXml/tinystr.cpp" />
		<Unit filename="Rosalila/RosalilaParser/TinyXml/tinystr.h" />
		<Unit filename="Rosalila/RosalilaParser/TinyXml/tinyxml.cpp" />
		<Unit filename="Rosalila/RosalilaParser/TinyXml/tinyxml.h" />
		<Unit filename="Rosalila/RosalilaParser/TinyXml/tinyxmlerror.cpp" />
		<Unit filename="Rosalila/RosalilaParser/TinyXml/tinyxmlparser.cpp" />
		<Unit filename="Rosalila/RosalilaSound/RosalilaSound.cpp" />
		<Unit filename="Rosalila/RosalilaSound/RosalilaSound.h" />
		<Unit filename="Rosalila/RosalilaUtility/Hitbox.cpp" />
		<Unit filename="Rosalila/RosalilaUtility/Hitbox.h" />
		<Unit filename="Rosalila/RosalilaUtility/Line.cpp" />
		<Unit filename="Rosalila/RosalilaUtility/Line.h" />
		<Unit filename="Rosalila/RosalilaUtility/Point.cpp" />
		<Unit filename="Rosalila/RosalilaUtility/Point.h" />
		<Unit filename="Rosalila/RosalilaUtility/RosalilaUtility.cpp" />
		<Unit filename="Rosalila/RosalilaUtility/RosalilaUtility.h" />
		<Unit filename="RosalilaShooter/Character/Bullet.cpp" />
		<Unit filename="RosalilaShooter/Character/Bullet.h" />
		<Unit filename="RosalilaShooter/Character/Character.cpp" />
		<Unit filename="RosalilaShooter/Character/Character.h" />
		<Unit filename="RosalilaShooter/Character/Enemy.cpp" />
		<Unit filename="RosalilaShooter/Character/Enemy.h" />
		<Unit filename="RosalilaShooter/Character/Modifier.cpp" />
		<Unit filename="RosalilaShooter/Character/Modifier.h" />
		<Unit filename="RosalilaShooter/Character/Pattern.cpp" />
		<Unit filename="RosalilaShooter/Character/Pattern.h" />
		<Unit filename="RosalilaShooter/Character/Player.cpp" />
		<Unit filename="RosalilaShooter/Character/Player.h" />
		<Unit filename="RosalilaShooter/Menus/ControllerConfig.cpp" />
		<Unit filename="RosalilaShooter/Menus/ControllerConfig.h" />
		<Unit filename="RosalilaShooter/Menus/Intro.cpp" />
		<Unit filename="RosalilaShooter/Menus/Intro.h" />
		<Unit filename="RosalilaShooter/Menus/StageSelect.cpp" />
		<Unit filename="RosalilaShooter/Menus/StageSelect.h" />
		<Unit filename="RosalilaShooter/STG.cpp" />
		<Unit filename="RosalilaShooter/STG.h" />
		<Unit filename="RosalilaShooter/Stage/Layer.cpp" />
		<Unit filename="RosalilaShooter/Stage/Layer.h" />
		<Unit filename="RosalilaShooter/Stage/LayerFrame.cpp" />
		<Unit filename="RosalilaShooter/Stage/LayerFrame.h" />
		<Unit filename="RosalilaShooter/Stage/Stage.cpp" />
		<Unit filename="RosalilaShooter/Stage/Stage.h" />
		<Unit filename="RosalilaShooter/Utility/Utility.cpp" />
		<Unit filename="RosalilaShooter/Utility/Utility.h" />
		<Unit filename="main.cpp" />
		<Extensions>
			<code_completion />
			<debugger />
			<envvars />
		</Extensions>
	</Project>
</CodeBlocks_project_file>
