<?xml version="1.0" encoding="UTF-8" standalone="yes" ?>
<CodeBlocks_project_file>
	<FileVersion major="1" minor="6" />
	<Project>
		<Option title="STG" />
		<Option pch_mode="2" />
		<Option compiler="gcc" />
		<Build>
			<Target title="Debug">
				<Option output="bin/Debug/STG" prefix_auto="1" extension_auto="1" />
				<Option object_output="obj/Debug/" />
				<Option type="1" />
				<Option compiler="gcc" />
				<Compiler>
					<Add option="-g" />
				</Compiler>
			</Target>
			<Target title="Release">
				<Option output="bin/Release/STG" prefix_auto="1" extension_auto="1" />
				<Option object_output="obj/Release/" />
				<Option type="1" />
				<Option compiler="gcc" />
				<Compiler>
					<Add option="-O2" />
				</Compiler>
				<Linker>
					<Add option="-s" />
				</Linker>
			</Target>
		</Build>
		<Compiler>
			<Add option="-Wall" />
			<Add option="-fexceptions" />
		</Compiler>
		<Unit filename="Rosalila/IA/Automata.cpp" />
		<Unit filename="Rosalila/IA/Automata.h" />
		<Unit filename="Rosalila/IA/Estado.cpp" />
		<Unit filename="Rosalila/IA/Estado.h" />
		<Unit filename="Rosalila/IA/IA.cpp" />
		<Unit filename="Rosalila/IA/IA.h" />
		<Unit filename="Rosalila/IA/Transicion.cpp" />
		<Unit filename="Rosalila/IA/Transicion.h" />
		<Unit filename="Rosalila/Input/Boton.cpp" />
		<Unit filename="Rosalila/Input/Boton.h" />
		<Unit filename="Rosalila/Input/Input.cpp" />
		<Unit filename="Rosalila/Input/Input.h" />
		<Unit filename="Rosalila/Input/Receiver.cpp" />
		<Unit filename="Rosalila/Input/Receiver.h" />
		<Unit filename="Rosalila/Menu/Elemento.cpp" />
		<Unit filename="Rosalila/Menu/Elemento.h" />
		<Unit filename="Rosalila/Menu/MenuBarra.cpp" />
		<Unit filename="Rosalila/Menu/MenuBarra.h" />
		<Unit filename="Rosalila/Menu/MenuBoton.cpp" />
		<Unit filename="Rosalila/Menu/MenuBoton.h" />
		<Unit filename="Rosalila/Menu/MenuCharSelect.cpp" />
		<Unit filename="Rosalila/Menu/MenuCharSelect.h" />
		<Unit filename="Rosalila/Menu/MenuContenedor.cpp" />
		<Unit filename="Rosalila/Menu/MenuContenedor.h" />
		<Unit filename="Rosalila/Menu/MenuImagen.cpp" />
		<Unit filename="Rosalila/Menu/MenuImagen.h" />
		<Unit filename="Rosalila/Menu/MenuLista.cpp" />
		<Unit filename="Rosalila/Menu/MenuLista.h" />
		<Unit filename="Rosalila/Menu/MenuTexto.cpp" />
		<Unit filename="Rosalila/Menu/MenuTexto.h" />
		<Unit filename="Rosalila/Painter/Animation.cpp" />
		<Unit filename="Rosalila/Painter/Animation.h" />
		<Unit filename="Rosalila/Painter/Cube.cpp" />
		<Unit filename="Rosalila/Painter/Cube.h" />
		<Unit filename="Rosalila/Painter/Image.cpp" />
		<Unit filename="Rosalila/Painter/Image.h" />
		<Unit filename="Rosalila/Painter/MPEGfilter.h" />
		<Unit filename="Rosalila/Painter/Object3D.cpp" />
		<Unit filename="Rosalila/Painter/Object3D.h" />
		<Unit filename="Rosalila/Painter/Painter.cpp" />
		<Unit filename="Rosalila/Painter/Painter.h" />
		<Unit filename="Rosalila/Painter/SDL_Movie.h" />
		<Unit filename="Rosalila/Painter/Timer.cpp" />
		<Unit filename="Rosalila/Painter/Timer.h" />
		<Unit filename="Rosalila/Painter/smpeg.h" />
		<Unit filename="Rosalila/RosalilaSound/RosalilaSound.cpp" />
		<Unit filename="Rosalila/RosalilaSound/RosalilaSound.h" />
		<Unit filename="Rosalila/TinyXml/tinystr.cpp" />
		<Unit filename="Rosalila/TinyXml/tinystr.h" />
		<Unit filename="Rosalila/TinyXml/tinyxml.cpp" />
		<Unit filename="Rosalila/TinyXml/tinyxml.h" />
		<Unit filename="Rosalila/TinyXml/tinyxmlerror.cpp" />
		<Unit filename="Rosalila/TinyXml/tinyxmlparser.cpp" />
		<Unit filename="Rosalila/Utility/Utility.cpp" />
		<Unit filename="Rosalila/Utility/Utility.h" />
		<Unit filename="include/Character/Character.h" />
		<Unit filename="include/Character/Enemy.h" />
		<Unit filename="include/Character/Modifier.h" />
		<Unit filename="include/Character/Player.h" />
		<Unit filename="include/STG.h" />
		<Unit filename="include/STGMenu/STGMenu.h" />
		<Unit filename="include/Spells/Bullet.h" />
		<Unit filename="include/Spells/Hitbox.h" />
		<Unit filename="include/Spells/Pattern.h" />
		<Unit filename="include/Stage/Dialogue.h" />
		<Unit filename="include/Stage/Layer.h" />
		<Unit filename="include/Stage/Stage.h" />
		<Unit filename="main.cpp" />
		<Unit filename="src/Character/Character.cpp" />
		<Unit filename="src/Character/Enemy.cpp" />
		<Unit filename="src/Character/Modifier.cpp" />
		<Unit filename="src/Character/Player.cpp" />
		<Unit filename="src/STG.cpp" />
		<Unit filename="src/STGMenu/STGMenu.cpp" />
		<Unit filename="src/Spells/Bullet.cpp" />
		<Unit filename="src/Spells/Hitbox.cpp" />
		<Unit filename="src/Spells/Pattern.cpp" />
		<Unit filename="src/Stage/Dialogue.cpp" />
		<Unit filename="src/Stage/Layer.cpp" />
		<Unit filename="src/Stage/Stage.cpp" />
		<Extensions>
			<code_completion />
			<debugger />
			<envvars />
		</Extensions>
	</Project>
</CodeBlocks_project_file>
